
Microsoft Visual Studio Solution File, Format Version 12.00
# Visual Studio Version 17
VisualStudioVersion = 17.11.35222.181
MinimumVisualStudioVersion = 10.0.40219.1
Project("{9A19103F-16F7-4668-BE54-9A1E7A4F7556}") = "AppLogin", "AppLogin\AppLogin.csproj", "{88A1B54E-F147-47F7-95D5-8E1778941642}"
EndProject
Project("{FAE04EC0-301F-11D3-BF4B-00C04F79EFBC}") = "ModeloUsuario", "ModeloUsuario\ModeloUsuario.csproj", "{AC59A52B-8FC5-4EEE-89E1-B16614A7D52C}"
EndProject
Global
	GlobalSection(SolutionConfigurationPlatforms) = preSolution
		Debug|Any CPU = Debug|Any CPU
		Release|Any CPU = Release|Any CPU
	EndGlobalSection
	GlobalSection(ProjectConfigurationPlatforms) = postSolution
		{88A1B54E-F147-47F7-95D5-8E1778941642}.Debug|Any CPU.ActiveCfg = Debug|Any CPU
		{88A1B54E-F147-47F7-95D5-8E1778941642}.Debug|Any CPU.Build.0 = Debug|Any CPU
		{88A1B54E-F147-47F7-95D5-8E1778941642}.Release|Any CPU.ActiveCfg = Release|Any CPU
		{88A1B54E-F147-47F7-95D5-8E1778941642}.Release|Any CPU.Build.0 = Release|Any CPU
		{AC59A52B-8FC5-4EEE-89E1-B16614A7D52C}.Debug|Any CPU.ActiveCfg = Debug|Any CPU
		{AC59A52B-8FC5-4EEE-89E1-B16614A7D52C}.Debug|Any CPU.Build.0 = Debug|Any CPU
		{AC59A52B-8FC5-4EEE-89E1-B16614A7D52C}.Release|Any CPU.ActiveCfg = Release|Any CPU
		{AC59A52B-8FC5-4EEE-89E1-B16614A7D52C}.Release|Any CPU.Build.0 = Release|Any CPU
	EndGlobalSection
	GlobalSection(SolutionProperties) = preSolution
		HideSolutionNode = FALSE
	EndGlobalSection
	GlobalSection(ExtensibilityGlobals) = postSolution
		SolutionGuid = {D9197FAD-FD3C-40EF-827D-A213CFB920DC}
	EndGlobalSection
EndGlobal
